
Microsoft Visual Studio Solution File, Format Version 12.00
# Visual Studio Version 17
VisualStudioVersion = 17.11.35327.3
MinimumVisualStudioVersion = 10.0.40219.1
Project("{2150E333-8FDC-42A3-9474-1A3956D46DE8}") = "src", "src", "{E13E6A27-9F66-46E8-84EA-DAFA50F02DF4}"
EndProject
Project("{2150E333-8FDC-42A3-9474-1A3956D46DE8}") = "test", "test", "{E7E625EC-44A4-4150-9D49-987A6BA65811}"
EndProject
Project("{2150E333-8FDC-42A3-9474-1A3956D46DE8}") = "unit-test", "unit-test", "{BAEB0A03-6C26-49EA-B219-60CFCEC426F6}"
EndProject
Project("{FAE04EC0-301F-11D3-BF4B-00C04F79EFBC}") = "Kgm.ExampleNetEight.FunctionApp.Tests", "test\unit-test\Kgm.ExampleNetEight.FunctionApp.Tests\Kgm.ExampleNetEight.FunctionApp.Tests.csproj", "{365556E9-1EF0-4D2B-B388-4660499C35F9}"
EndProject
Project("{9A19103F-16F7-4668-BE54-9A1E7A4F7556}") = "Kgm.ExampleNetEight.FunctionApp", "src\Kgm.ExampleNetEight.FunctionApp\Kgm.ExampleNetEight.FunctionApp.csproj", "{DCA200D3-7A6A-42BA-AC96-C074272138A4}"
EndProject
Global
	GlobalSection(SolutionConfigurationPlatforms) = preSolution
		Debug|Any CPU = Debug|Any CPU
		Release|Any CPU = Release|Any CPU
	EndGlobalSection
	GlobalSection(ProjectConfigurationPlatforms) = postSolution
		{365556E9-1EF0-4D2B-B388-4660499C35F9}.Debug|Any CPU.ActiveCfg = Debug|Any CPU
		{365556E9-1EF0-4D2B-B388-4660499C35F9}.Debug|Any CPU.Build.0 = Debug|Any CPU
		{365556E9-1EF0-4D2B-B388-4660499C35F9}.Release|Any CPU.ActiveCfg = Release|Any CPU
		{365556E9-1EF0-4D2B-B388-4660499C35F9}.Release|Any CPU.Build.0 = Release|Any CPU
		{DCA200D3-7A6A-42BA-AC96-C074272138A4}.Debug|Any CPU.ActiveCfg = Debug|Any CPU
		{DCA200D3-7A6A-42BA-AC96-C074272138A4}.Debug|Any CPU.Build.0 = Debug|Any CPU
		{DCA200D3-7A6A-42BA-AC96-C074272138A4}.Release|Any CPU.ActiveCfg = Release|Any CPU
		{DCA200D3-7A6A-42BA-AC96-C074272138A4}.Release|Any CPU.Build.0 = Release|Any CPU
	EndGlobalSection
	GlobalSection(SolutionProperties) = preSolution
		HideSolutionNode = FALSE
	EndGlobalSection
	GlobalSection(NestedProjects) = preSolution
		{BAEB0A03-6C26-49EA-B219-60CFCEC426F6} = {E7E625EC-44A4-4150-9D49-987A6BA65811}
		{365556E9-1EF0-4D2B-B388-4660499C35F9} = {BAEB0A03-6C26-49EA-B219-60CFCEC426F6}
		{DCA200D3-7A6A-42BA-AC96-C074272138A4} = {E13E6A27-9F66-46E8-84EA-DAFA50F02DF4}
	EndGlobalSection
	GlobalSection(ExtensibilityGlobals) = postSolution
		SolutionGuid = {78DB4FA3-D1F2-401A-BBD2-FF686A470513}
	EndGlobalSection
EndGlobal
